
Microsoft Visual Studio Solution File, Format Version 12.00
# Visual Studio Version 16
VisualStudioVersion = 16.0.30711.63
MinimumVisualStudioVersion = 10.0.40219.1
Project("{FAE04EC0-301F-11D3-BF4B-00C04F79EFBC}") = "ArraysAndLists", "ArraysAndLists\ArraysAndLists.csproj", "{0E22FB72-1CD9-4644-A075-21621FCFB18B}"
EndProject
Global
	GlobalSection(SolutionConfigurationPlatforms) = preSolution
		Debug|Any CPU = Debug|Any CPU
		Release|Any CPU = Release|Any CPU
	EndGlobalSection
	GlobalSection(ProjectConfigurationPlatforms) = postSolution
		{0E22FB72-1CD9-4644-A075-21621FCFB18B}.Debug|Any CPU.ActiveCfg = Debug|Any CPU
		{0E22FB72-1CD9-4644-A075-21621FCFB18B}.Debug|Any CPU.Build.0 = Debug|Any CPU
		{0E22FB72-1CD9-4644-A075-21621FCFB18B}.Release|Any CPU.ActiveCfg = Release|Any CPU
		{0E22FB72-1CD9-4644-A075-21621FCFB18B}.Release|Any CPU.Build.0 = Release|Any CPU
	EndGlobalSection
	GlobalSection(SolutionProperties) = preSolution
		HideSolutionNode = FALSE
	EndGlobalSection
	GlobalSection(ExtensibilityGlobals) = postSolution
		SolutionGuid = {D6D272E3-5FF0-4A91-BB13-0BACAF2CBDCF}
	EndGlobalSection
EndGlobal
