
Microsoft Visual Studio Solution File, Format Version 12.00
# Visual Studio Version 16
VisualStudioVersion = 16.0.30711.63
MinimumVisualStudioVersion = 10.0.40219.1
Project("{FAE04EC0-301F-11D3-BF4B-00C04F79EFBC}") = "MoreMethods", "MoreMethods\MoreMethods.csproj", "{6C0BCE40-6688-416A-9740-ECFAF67FAD52}"
EndProject
Global
	GlobalSection(SolutionConfigurationPlatforms) = preSolution
		Debug|Any CPU = Debug|Any CPU
		Release|Any CPU = Release|Any CPU
	EndGlobalSection
	GlobalSection(ProjectConfigurationPlatforms) = postSolution
		{6C0BCE40-6688-416A-9740-ECFAF67FAD52}.Debug|Any CPU.ActiveCfg = Debug|Any CPU
		{6C0BCE40-6688-416A-9740-ECFAF67FAD52}.Debug|Any CPU.Build.0 = Debug|Any CPU
		{6C0BCE40-6688-416A-9740-ECFAF67FAD52}.Release|Any CPU.ActiveCfg = Release|Any CPU
		{6C0BCE40-6688-416A-9740-ECFAF67FAD52}.Release|Any CPU.Build.0 = Release|Any CPU
	EndGlobalSection
	GlobalSection(SolutionProperties) = preSolution
		HideSolutionNode = FALSE
	EndGlobalSection
	GlobalSection(ExtensibilityGlobals) = postSolution
		SolutionGuid = {E7EDB492-54E9-42C2-8D16-0670CF6D00A2}
	EndGlobalSection
EndGlobal
