
Microsoft Visual Studio Solution File, Format Version 12.00
# Visual Studio Version 16
VisualStudioVersion = 16.0.30711.63
MinimumVisualStudioVersion = 10.0.40219.1
Project("{FAE04EC0-301F-11D3-BF4B-00C04F79EFBC}") = "twentyOne", "twentyOne.csproj", "{64483DBF-B1F7-40CB-84BE-46671ACB90E0}"
EndProject
Project("{FAE04EC0-301F-11D3-BF4B-00C04F79EFBC}") = "Casino", "..\Casino\Casino.csproj", "{31D5547F-C3B5-4E2F-B78B-B5E49DE11691}"
EndProject
Global
	GlobalSection(SolutionConfigurationPlatforms) = preSolution
		Debug|Any CPU = Debug|Any CPU
		Release|Any CPU = Release|Any CPU
	EndGlobalSection
	GlobalSection(ProjectConfigurationPlatforms) = postSolution
		{64483DBF-B1F7-40CB-84BE-46671ACB90E0}.Debug|Any CPU.ActiveCfg = Debug|Any CPU
		{64483DBF-B1F7-40CB-84BE-46671ACB90E0}.Debug|Any CPU.Build.0 = Debug|Any CPU
		{64483DBF-B1F7-40CB-84BE-46671ACB90E0}.Release|Any CPU.ActiveCfg = Release|Any CPU
		{64483DBF-B1F7-40CB-84BE-46671ACB90E0}.Release|Any CPU.Build.0 = Release|Any CPU
		{31D5547F-C3B5-4E2F-B78B-B5E49DE11691}.Debug|Any CPU.ActiveCfg = Debug|Any CPU
		{31D5547F-C3B5-4E2F-B78B-B5E49DE11691}.Debug|Any CPU.Build.0 = Debug|Any CPU
		{31D5547F-C3B5-4E2F-B78B-B5E49DE11691}.Release|Any CPU.ActiveCfg = Release|Any CPU
		{31D5547F-C3B5-4E2F-B78B-B5E49DE11691}.Release|Any CPU.Build.0 = Release|Any CPU
	EndGlobalSection
	GlobalSection(SolutionProperties) = preSolution
		HideSolutionNode = FALSE
	EndGlobalSection
	GlobalSection(ExtensibilityGlobals) = postSolution
		SolutionGuid = {F782530C-CF08-4B86-BFBC-AAE540E79898}
	EndGlobalSection
EndGlobal
