
Microsoft Visual Studio Solution File, Format Version 12.00
# Visual Studio Version 16
VisualStudioVersion = 16.0.30711.63
MinimumVisualStudioVersion = 10.0.40219.1
Project("{FAE04EC0-301F-11D3-BF4B-00C04F79EFBC}") = "CarInsurance", "CarInsurance\CarInsurance.csproj", "{28D775B4-F4EB-4F89-8EC5-9C822437B301}"
EndProject
Global
	GlobalSection(SolutionConfigurationPlatforms) = preSolution
		Debug|Any CPU = Debug|Any CPU
		Release|Any CPU = Release|Any CPU
	EndGlobalSection
	GlobalSection(ProjectConfigurationPlatforms) = postSolution
		{28D775B4-F4EB-4F89-8EC5-9C822437B301}.Debug|Any CPU.ActiveCfg = Debug|Any CPU
		{28D775B4-F4EB-4F89-8EC5-9C822437B301}.Debug|Any CPU.Build.0 = Debug|Any CPU
		{28D775B4-F4EB-4F89-8EC5-9C822437B301}.Release|Any CPU.ActiveCfg = Release|Any CPU
		{28D775B4-F4EB-4F89-8EC5-9C822437B301}.Release|Any CPU.Build.0 = Release|Any CPU
	EndGlobalSection
	GlobalSection(SolutionProperties) = preSolution
		HideSolutionNode = FALSE
	EndGlobalSection
	GlobalSection(ExtensibilityGlobals) = postSolution
		SolutionGuid = {B3EA4A35-D343-4E08-94AF-DAECCC6BFA7C}
	EndGlobalSection
EndGlobal
