
Microsoft Visual Studio Solution File, Format Version 12.00
# Visual Studio Version 16
VisualStudioVersion = 16.0.30907.101
MinimumVisualStudioVersion = 10.0.40219.1
Project("{FAE04EC0-301F-11D3-BF4B-00C04F79EFBC}") = "StudentDatabase", "StudentDatabase\StudentDatabase.csproj", "{388437AA-A7C4-4E21-904A-55A00D362CEC}"
EndProject
Global
	GlobalSection(SolutionConfigurationPlatforms) = preSolution
		Debug|Any CPU = Debug|Any CPU
		Release|Any CPU = Release|Any CPU
	EndGlobalSection
	GlobalSection(ProjectConfigurationPlatforms) = postSolution
		{388437AA-A7C4-4E21-904A-55A00D362CEC}.Debug|Any CPU.ActiveCfg = Debug|Any CPU
		{388437AA-A7C4-4E21-904A-55A00D362CEC}.Debug|Any CPU.Build.0 = Debug|Any CPU
		{388437AA-A7C4-4E21-904A-55A00D362CEC}.Release|Any CPU.ActiveCfg = Release|Any CPU
		{388437AA-A7C4-4E21-904A-55A00D362CEC}.Release|Any CPU.Build.0 = Release|Any CPU
	EndGlobalSection
	GlobalSection(SolutionProperties) = preSolution
		HideSolutionNode = FALSE
	EndGlobalSection
	GlobalSection(ExtensibilityGlobals) = postSolution
		SolutionGuid = {0FB8D946-03AA-4CDB-BCB6-20EBC917914A}
	EndGlobalSection
EndGlobal
