
Microsoft Visual Studio Solution File, Format Version 12.00
# Visual Studio Version 16
VisualStudioVersion = 16.0.30711.63
MinimumVisualStudioVersion = 10.0.40219.1
Project("{FAE04EC0-301F-11D3-BF4B-00C04F79EFBC}") = "constAndVar", "constAndVar\constAndVar.csproj", "{14D36EF3-BFCA-4590-8AAB-7C27C60C8063}"
EndProject
Global
	GlobalSection(SolutionConfigurationPlatforms) = preSolution
		Debug|Any CPU = Debug|Any CPU
		Release|Any CPU = Release|Any CPU
	EndGlobalSection
	GlobalSection(ProjectConfigurationPlatforms) = postSolution
		{14D36EF3-BFCA-4590-8AAB-7C27C60C8063}.Debug|Any CPU.ActiveCfg = Debug|Any CPU
		{14D36EF3-BFCA-4590-8AAB-7C27C60C8063}.Debug|Any CPU.Build.0 = Debug|Any CPU
		{14D36EF3-BFCA-4590-8AAB-7C27C60C8063}.Release|Any CPU.ActiveCfg = Release|Any CPU
		{14D36EF3-BFCA-4590-8AAB-7C27C60C8063}.Release|Any CPU.Build.0 = Release|Any CPU
	EndGlobalSection
	GlobalSection(SolutionProperties) = preSolution
		HideSolutionNode = FALSE
	EndGlobalSection
	GlobalSection(ExtensibilityGlobals) = postSolution
		SolutionGuid = {A04F8931-EB94-466D-97EF-07572B163F8A}
	EndGlobalSection
EndGlobal
