
Microsoft Visual Studio Solution File, Format Version 12.00
# Visual Studio Version 16
VisualStudioVersion = 16.0.30711.63
MinimumVisualStudioVersion = 10.0.40219.1
Project("{FAE04EC0-301F-11D3-BF4B-00C04F79EFBC}") = "MathAndComparisonOperators", "MathAndComparisonOperators\MathAndComparisonOperators.csproj", "{7419671E-7254-43F9-B058-59E2B29C1056}"
EndProject
Global
	GlobalSection(SolutionConfigurationPlatforms) = preSolution
		Debug|Any CPU = Debug|Any CPU
		Release|Any CPU = Release|Any CPU
	EndGlobalSection
	GlobalSection(ProjectConfigurationPlatforms) = postSolution
		{7419671E-7254-43F9-B058-59E2B29C1056}.Debug|Any CPU.ActiveCfg = Debug|Any CPU
		{7419671E-7254-43F9-B058-59E2B29C1056}.Debug|Any CPU.Build.0 = Debug|Any CPU
		{7419671E-7254-43F9-B058-59E2B29C1056}.Release|Any CPU.ActiveCfg = Release|Any CPU
		{7419671E-7254-43F9-B058-59E2B29C1056}.Release|Any CPU.Build.0 = Release|Any CPU
	EndGlobalSection
	GlobalSection(SolutionProperties) = preSolution
		HideSolutionNode = FALSE
	EndGlobalSection
	GlobalSection(ExtensibilityGlobals) = postSolution
		SolutionGuid = {01E67370-AF39-4B30-8AF8-FC19769CF3DA}
	EndGlobalSection
EndGlobal
