
Microsoft Visual Studio Solution File, Format Version 12.00
# Visual Studio Version 16
VisualStudioVersion = 16.0.30711.63
MinimumVisualStudioVersion = 10.0.40219.1
Project("{FAE04EC0-301F-11D3-BF4B-00C04F79EFBC}") = "StringFunctions Assignment", "StringFunctions Assignment\StringFunctions Assignment.csproj", "{AAD874BF-4EF0-414B-A896-07AE712DD8C9}"
EndProject
Global
	GlobalSection(SolutionConfigurationPlatforms) = preSolution
		Debug|Any CPU = Debug|Any CPU
		Release|Any CPU = Release|Any CPU
	EndGlobalSection
	GlobalSection(ProjectConfigurationPlatforms) = postSolution
		{AAD874BF-4EF0-414B-A896-07AE712DD8C9}.Debug|Any CPU.ActiveCfg = Debug|Any CPU
		{AAD874BF-4EF0-414B-A896-07AE712DD8C9}.Debug|Any CPU.Build.0 = Debug|Any CPU
		{AAD874BF-4EF0-414B-A896-07AE712DD8C9}.Release|Any CPU.ActiveCfg = Release|Any CPU
		{AAD874BF-4EF0-414B-A896-07AE712DD8C9}.Release|Any CPU.Build.0 = Release|Any CPU
	EndGlobalSection
	GlobalSection(SolutionProperties) = preSolution
		HideSolutionNode = FALSE
	EndGlobalSection
	GlobalSection(ExtensibilityGlobals) = postSolution
		SolutionGuid = {F7E926FE-067D-46F0-BC8B-C7CFBAE90AE7}
	EndGlobalSection
EndGlobal
